
Microsoft Visual Studio Solution File, Format Version 12.00
# Visual Studio Version 16
VisualStudioVersion = 16.0.31321.278
MinimumVisualStudioVersion = 10.0.40219.1
Project("{FAE04EC0-301F-11D3-BF4B-00C04F79EFBC}") = "ConsoleClassesObjetos", "ConsoleClassesObjetos\ConsoleClassesObjetos.csproj", "{7DDE52F3-AE96-4AE4-88DE-CB3D1B875AC0}"
EndProject
Project("{FAE04EC0-301F-11D3-BF4B-00C04F79EFBC}") = "ConsoleMetodosDasClasses", "ConsoleMetodosDasClasses\ConsoleMetodosDasClasses.csproj", "{F2B2D509-7399-4DB2-A553-F7A2420F8013}"
EndProject
Global
	GlobalSection(SolutionConfigurationPlatforms) = preSolution
		Debug|Any CPU = Debug|Any CPU
		Release|Any CPU = Release|Any CPU
	EndGlobalSection
	GlobalSection(ProjectConfigurationPlatforms) = postSolution
		{7DDE52F3-AE96-4AE4-88DE-CB3D1B875AC0}.Debug|Any CPU.ActiveCfg = Debug|Any CPU
		{7DDE52F3-AE96-4AE4-88DE-CB3D1B875AC0}.Debug|Any CPU.Build.0 = Debug|Any CPU
		{7DDE52F3-AE96-4AE4-88DE-CB3D1B875AC0}.Release|Any CPU.ActiveCfg = Release|Any CPU
		{7DDE52F3-AE96-4AE4-88DE-CB3D1B875AC0}.Release|Any CPU.Build.0 = Release|Any CPU
		{F2B2D509-7399-4DB2-A553-F7A2420F8013}.Debug|Any CPU.ActiveCfg = Debug|Any CPU
		{F2B2D509-7399-4DB2-A553-F7A2420F8013}.Debug|Any CPU.Build.0 = Debug|Any CPU
		{F2B2D509-7399-4DB2-A553-F7A2420F8013}.Release|Any CPU.ActiveCfg = Release|Any CPU
		{F2B2D509-7399-4DB2-A553-F7A2420F8013}.Release|Any CPU.Build.0 = Release|Any CPU
	EndGlobalSection
	GlobalSection(SolutionProperties) = preSolution
		HideSolutionNode = FALSE
	EndGlobalSection
	GlobalSection(ExtensibilityGlobals) = postSolution
		SolutionGuid = {4F1DC546-3729-41B0-BF80-5305F0A87E32}
	EndGlobalSection
EndGlobal
